
Microsoft Visual Studio Solution File, Format Version 12.00
# Visual Studio Version 17
VisualStudioVersion = 17.1.32407.343
MinimumVisualStudioVersion = 10.0.40219.1
Project("{FAE04EC0-301F-11D3-BF4B-00C04F79EFBC}") = "TravelTrip", "TravelTrip\TravelTrip.csproj", "{804BC1A5-06D9-4EE0-A6FE-D10F8C5AB0F9}"
EndProject
Global
	GlobalSection(SolutionConfigurationPlatforms) = preSolution
		Debug|Any CPU = Debug|Any CPU
		Release|Any CPU = Release|Any CPU
	EndGlobalSection
	GlobalSection(ProjectConfigurationPlatforms) = postSolution
		{804BC1A5-06D9-4EE0-A6FE-D10F8C5AB0F9}.Debug|Any CPU.ActiveCfg = Debug|Any CPU
		{804BC1A5-06D9-4EE0-A6FE-D10F8C5AB0F9}.Debug|Any CPU.Build.0 = Debug|Any CPU
		{804BC1A5-06D9-4EE0-A6FE-D10F8C5AB0F9}.Release|Any CPU.ActiveCfg = Release|Any CPU
		{804BC1A5-06D9-4EE0-A6FE-D10F8C5AB0F9}.Release|Any CPU.Build.0 = Release|Any CPU
	EndGlobalSection
	GlobalSection(SolutionProperties) = preSolution
		HideSolutionNode = FALSE
	EndGlobalSection
	GlobalSection(ExtensibilityGlobals) = postSolution
		SolutionGuid = {239C6D71-A72C-4514-8441-A948AFE2D64E}
	EndGlobalSection
EndGlobal
